// !$*UTF8*$!
{
	archiveVersion = 1;
	classes = {
	};
	objectVersion = 46;
	objects = {

/* Begin PBXBuildFile section */
		4F57D8B11DF139DB00D777B5 /* AppDelegate.swift in Sources */ = {isa = PBXBuildFile; fileRef = 4F57D8B01DF139DB00D777B5 /* AppDelegate.swift */; };
		4F57D8B31DF139DB00D777B5 /* ViewController.swift in Sources */ = {isa = PBXBuildFile; fileRef = 4F57D8B21DF139DB00D777B5 /* ViewController.swift */; };
		4F57D8B91DF139DB00D777B5 /* saveDataDemo.xcdatamodeld in Sources */ = {isa = PBXBuildFile; fileRef = 4F57D8B71DF139DB00D777B5 /* saveDataDemo.xcdatamodeld */; };
		4F57D8BB1DF139DB00D777B5 /* Assets.xcassets in Resources */ = {isa = PBXBuildFile; fileRef = 4F57D8BA1DF139DB00D777B5 /* Assets.xcassets */; };
		4F57D8BE1DF139DB00D777B5 /* LaunchScreen.storyboard in Resources */ = {isa = PBXBuildFile; fileRef = 4F57D8BC1DF139DB00D777B5 /* LaunchScreen.storyboard */; };
		4FF1C6661DF25B3B0010BE11 /* showViewController.swift in Sources */ = {isa = PBXBuildFile; fileRef = 4FF1C6651DF25B3B0010BE11 /* showViewController.swift */; };
/* End PBXBuildFile section */

/* Begin PBXFileReference section */
		4F57D8AD1DF139DB00D777B5 /* saveDataDemo.app */ = {isa = PBXFileReference; explicitFileType = wrapper.application; includeInIndex = 0; path = saveDataDemo.app; sourceTree = BUILT_PRODUCTS_DIR; };
		4F57D8B01DF139DB00D777B5 /* AppDelegate.swift */ = {isa = PBXFileReference; lastKnownFileType = sourcecode.swift; path = AppDelegate.swift; sourceTree = "<group>"; };
		4F57D8B21DF139DB00D777B5 /* ViewController.swift */ = {isa = PBXFileReference; lastKnownFileType = sourcecode.swift; path = ViewController.swift; sourceTree = "<group>"; };
		4F57D8B81DF139DB00D777B5 /* saveDataDemo.xcdatamodel */ = {isa = PBXFileReference; lastKnownFileType = wrapper.xcdatamodel; path = saveDataDemo.xcdatamodel; sourceTree = "<group>"; };
		4F57D8BA1DF139DB00D777B5 /* Assets.xcassets */ = {isa = PBXFileReference; lastKnownFileType = folder.assetcatalog; path = Assets.xcassets; sourceTree = "<group>"; };
		4F57D8BD1DF139DB00D777B5 /* Base */ = {isa = PBXFileReference; lastKnownFileType = file.storyboard; name = Base; path = Base.lproj/LaunchScreen.storyboard; sourceTree = "<group>"; };
		4F57D8BF1DF139DB00D777B5 /* Info.plist */ = {isa = PBXFileReference; lastKnownFileType = text.plist.xml; path = Info.plist; sourceTree = "<group>"; };
		4FF1C6651DF25B3B0010BE11 /* showViewController.swift */ = {isa = PBXFileReference; fileEncoding = 4; lastKnownFileType = sourcecode.swift; path = showViewController.swift; sourceTree = "<group>"; };
/* End PBXFileReference section */

/* Begin PBXFrameworksBuildPhase section */
		4F57D8AA1DF139DB00D777B5 /* Frameworks */ = {
			isa = PBXFrameworksBuildPhase;
			buildActionMask = 2147483647;
			files = (
			);
			runOnlyForDeploymentPostprocessing = 0;
		};
/* End PBXFrameworksBuildPhase section */

/* Begin PBXGroup section */
		4F57D8A41DF139DB00D777B5 = {
			isa = PBXGroup;
			children = (
				4F57D8AF1DF139DB00D777B5 /* saveDataDemo */,
				4F57D8AE1DF139DB00D777B5 /* Products */,
			);
			sourceTree = "<group>";
		};
		4F57D8AE1DF139DB00D777B5 /* Products */ = {
			isa = PBXGroup;
			children = (
				4F57D8AD1DF139DB00D777B5 /* saveDataDemo.app */,
			);
			name = Products;
			sourceTree = "<group>";
		};
		4F57D8AF1DF139DB00D777B5 /* saveDataDemo */ = {
			isa = PBXGroup;
			children = (
				4F57D8B01DF139DB00D777B5 /* AppDelegate.swift */,
				4F57D8B21DF139DB00D777B5 /* ViewController.swift */,
				4FF1C6651DF25B3B0010BE11 /* showViewController.swift */,
				4F57D8BA1DF139DB00D777B5 /* Assets.xcassets */,
				4F57D8BC1DF139DB00D777B5 /* LaunchScreen.storyboard */,
				4F57D8BF1DF139DB00D777B5 /* Info.plist */,
				4F57D8B71DF139DB00D777B5 /* saveDataDemo.xcdatamodeld */,
			);
			path = saveDataDemo;
			sourceTree = "<group>";
		};
/* End PBXGroup section */

/* Begin PBXNativeTarget section */
		4F57D8AC1DF139DB00D777B5 /* saveDataDemo */ = {
			isa = PBXNativeTarget;
			buildConfigurationList = 4F57D8C21DF139DB00D777B5 /* Build configuration list for PBXNativeTarget "saveDataDemo" */;
			buildPhases = (
				4F57D8A91DF139DB00D777B5 /* Sources */,
				4F57D8AA1DF139DB00D777B5 /* Frameworks */,
				4F57D8AB1DF139DB00D777B5 /* Resources */,
			);
			buildRules = (
			);
			dependencies = (
			);
			name = saveDataDemo;
			productName = saveDataDemo;
			productReference = 4F57D8AD1DF139DB00D777B5 /* saveDataDemo.app */;
			productType = "com.apple.product-type.application";
		};
/* End PBXNativeTarget section */

/* Begin PBXProject section */
		4F57D8A51DF139DB00D777B5 /* Project object */ = {
			isa = PBXProject;
			attributes = {
				LastSwiftUpdateCheck = 0810;
				LastUpgradeCheck = 0810;
				ORGANIZATIONNAME = pankx;
				TargetAttributes = {
					4F57D8AC1DF139DB00D777B5 = {
						CreatedOnToolsVersion = 8.1;
						DevelopmentTeam = 4ZVTV26L8D;
						LastSwiftMigration = 0900;
						ProvisioningStyle = Automatic;
					};
				};
			};
			buildConfigurationList = 4F57D8A81DF139DB00D777B5 /* Build configuration list for PBXProject "saveDataDemo" */;
			compatibilityVersion = "Xcode 3.2";
			developmentRegion = English;
			hasScannedForEncodings = 0;
			knownRegions = (
				en,
				Base,
			);
			mainGroup = 4F57D8A41DF139DB00D777B5;
			productRefGroup = 4F57D8AE1DF139DB00D777B5 /* Products */;
			projectDirPath = "";
			projectRoot = "";
			targets = (
				4F57D8AC1DF139DB00D777B5 /* saveDataDemo */,
			);
		};
/* End PBXProject section */

/* Begin PBXResourcesBuildPhase section */
		4F57D8AB1DF139DB00D777B5 /* Resources */ = {
			isa = PBXResourcesBuildPhase;
			buildActionMask = 2147483647;
			files = (
				4F57D8BE1DF139DB00D777B5 /* LaunchScreen.storyboard in Resources */,
				4F57D8BB1DF139DB00D777B5 /* Assets.xcassets in Resources */,
			);
			runOnlyForDeploymentPostprocessing = 0;
		};
/* End PBXResourcesBuildPhase section */

/* Begin PBXSourcesBuildPhase section */
		4F57D8A91DF139DB00D777B5 /* Sources */ = {
			isa = PBXSourcesBuildPhase;
			buildActionMask = 2147483647;
			files = (
				4F57D8B31DF139DB00D777B5 /* ViewController.swift in Sources */,
				4F57D8B91DF139DB00D777B5 /* saveDataDemo.xcdatamodeld in Sources */,
				4F57D8B11DF139DB00D777B5 /* AppDelegate.swift in Sources */,
				4FF1C6661DF25B3B0010BE11 /* showViewController.swift in Sources */,
			);
			runOnlyForDeploymentPostprocessing = 0;
		};
/* End PBXSourcesBuildPhase section */

/* Begin PBXVariantGroup section */
		4F57D8BC1DF139DB00D777B5 /* LaunchScreen.storyboard */ = {
			isa = PBXVariantGroup;
			children = (
				4F57D8BD1DF139DB00D777B5 /* Base */,
			);
			name = LaunchScreen.storyboard;
			sourceTree = "<group>";
		};
/* End PBXVariantGroup section */

/* Begin XCBuildConfiguration section */
		4F57D8C01DF139DB00D777B5 /* Debug */ = {
			isa = XCBuildConfiguration;
			buildSettings = {
				ALWAYS_SEARCH_USER_PATHS = NO;
				CLANG_ANALYZER_NONNULL = YES;
				CLANG_CXX_LANGUAGE_STANDARD = "gnu++0x";
				CLANG_CXX_LIBRARY = "libc++";
				CLANG_ENABLE_MODULES = YES;
				CLANG_ENABLE_OBJC_ARC = YES;
				CLANG_WARN_BOOL_CONVERSION = YES;
				CLANG_WARN_CONSTANT_CONVERSION = YES;
				CLANG_WARN_DIRECT_OBJC_ISA_USAGE = YES_ERROR;
				CLANG_WARN_DOCUMENTATION_COMMENTS = YES;
				CLANG_WARN_EMPTY_BODY = YES;
				CLANG_WARN_ENUM_CONVERSION = YES;
				CLANG_WARN_INFINITE_RECURSION = YES;
				CLANG_WARN_INT_CONVERSION = YES;
				CLANG_WARN_OBJC_ROOT_CLASS = YES_ERROR;
				CLANG_WARN_SUSPICIOUS_MOVES = YES;
				CLANG_WARN_UNREACHABLE_CODE = YES;
				CLANG_WARN__DUPLICATE_METHOD_MATCH = YES;
				"CODE_SIGN_IDENTITY[sdk=iphoneos*]" = "iPhone Developer";
				COPY_PHASE_STRIP = NO;
				DEBUG_INFORMATION_FORMAT = dwarf;
				ENABLE_STRICT_OBJC_MSGSEND = YES;
				ENABLE_TESTABILITY = YES;
				GCC_C_LANGUAGE_STANDARD = gnu99;
				GCC_DYNAMIC_NO_PIC = NO;
				GCC_NO_COMMON_BLOCKS = YES;
				GCC_OPTIMIZATION_LEVEL = 0;
				GCC_PREPROCESSOR_DEFINITIONS = (
					"DEBUG=1",
					"$(inherited)",
				);
				GCC_WARN_64_TO_32_BIT_CONVERSION = YES;
				GCC_WARN_ABOUT_RETURN_TYPE = YES_ERROR;
				GCC_WARN_UNDECLARED_SELECTOR = YES;
				GCC_WARN_UNINITIALIZED_AUTOS = YES_AGGRESSIVE;
				GCC_WARN_UNUSED_FUNCTION = YES;
				GCC_WARN_UNUSED_VARIABLE = YES;
				IPHONEOS_DEPLOYMENT_TARGET = 11.0;
				MTL_ENABLE_DEBUG_INFO = YES;
				ONLY_ACTIVE_ARCH = YES;
				SDKROOT = iphoneos;
				SWIFT_ACTIVE_COMPILATION_CONDITIONS = DEBUG;
				SWIFT_OPTIMIZATION_LEVEL = "-Onone";
			};
			name = Debug;
		};
		4F57D8C11DF139DB00D777B5 /* Release */ = {
			isa = XCBuildConfiguration;
			buildSettings = {
				ALWAYS_SEARCH_USER_PATHS = NO;
				CLANG_ANALYZER_NONNULL = YES;
				CLANG_CXX_LANGUAGE_STANDARD = "gnu++0x";
				CLANG_CXX_LIBRARY = "libc++";
				CLANG_ENABLE_MODULES = YES;
				CLANG_ENABLE_OBJC_ARC = YES;
				CLANG_WARN_BOOL_CONVERSION = YES;
				CLANG_WARN_CONSTANT_CONVERSION = YES;
				CLANG_WARN_DIRECT_OBJC_ISA_USAGE = YES_ERROR;
				CLANG_WARN_DOCUMENTATION_COMMENTS = YES;
				CLANG_WARN_EMPTY_BODY = YES;
				CLANG_WARN_ENUM_CONVERSION = YES;
				CLANG_WARN_INFINITE_RECURSION = YES;
				CLANG_WARN_INT_CONVERSION = YES;
				CLANG_WARN_OBJC_ROOT_CLASS = YES_ERROR;
				CLANG_WARN_SUSPICIOUS_MOVES = YES;
				CLANG_WARN_UNREACHABLE_CODE = YES;
				CLANG_WARN__DUPLICATE_METHOD_MATCH = YES;
				"CODE_SIGN_IDENTITY[sdk=iphoneos*]" = "iPhone Developer";
				COPY_PHASE_STRIP = NO;
				DEBUG_INFORMATION_FORMAT = "dwarf-with-dsym";
				ENABLE_NS_ASSERTIONS = NO;
				ENABLE_STRICT_OBJC_MSGSEND = YES;
				GCC_C_LANGUAGE_STANDARD = gnu99;
				GCC_NO_COMMON_BLOCKS = YES;
				GCC_WARN_64_TO_32_BIT_CONVERSION = YES;
				GCC_WARN_ABOUT_RETURN_TYPE = YES_ERROR;
				GCC_WARN_UNDECLARED_SELECTOR = YES;
				GCC_WARN_UNINITIALIZED_AUTOS = YES_AGGRESSIVE;
				GCC_WARN_UNUSED_FUNCTION = YES;
				GCC_WARN_UNUSED_VARIABLE = YES;
				IPHONEOS_DEPLOYMENT_TARGET = 11.0;
				MTL_ENABLE_DEBUG_INFO = NO;
				SDKROOT = iphoneos;
				SWIFT_OPTIMIZATION_LEVEL = "-Owholemodule";
				VALIDATE_PRODUCT = YES;
			};
			name = Release;
		};
		4F57D8C31DF139DB00D777B5 /* Debug */ = {
			isa = XCBuildConfiguration;
			buildSettings = {
				ASSETCATALOG_COMPILER_APPICON_NAME = AppIcon;
				DEVELOPMENT_TEAM = 4ZVTV26L8D;
				INFOPLIST_FILE = saveDataDemo/Info.plist;
				IPHONEOS_DEPLOYMENT_TARGET = 9.3;
				LD_RUNPATH_SEARCH_PATHS = "$(inherited) @executable_path/Frameworks";
				PRODUCT_BUNDLE_IDENTIFIER = pankx.com.saveDataDemo;
				PRODUCT_NAME = "$(TARGET_NAME)";
				SWIFT_SWIFT3_OBJC_INFERENCE = On;
				SWIFT_VERSION = 4.0;
			};
			name = Debug;
		};
		4F57D8C41DF139DB00D777B5 /* Release */ = {
			isa = XCBuildConfiguration;
			buildSettings = {
				ASSETCATALOG_COMPILER_APPICON_NAME = AppIcon;
				DEVELOPMENT_TEAM = 4ZVTV26L8D;
				INFOPLIST_FILE = saveDataDemo/Info.plist;
				IPHONEOS_DEPLOYMENT_TARGET = 9.3;
				LD_RUNPATH_SEARCH_PATHS = "$(inherited) @executable_path/Frameworks";
				PRODUCT_BUNDLE_IDENTIFIER = pankx.com.saveDataDemo;
				PRODUCT_NAME = "$(TARGET_NAME)";
				SWIFT_SWIFT3_OBJC_INFERENCE = On;
				SWIFT_VERSION = 4.0;
			};
			name = Release;
		};
/* End XCBuildConfiguration section */

/* Begin XCConfigurationList section */
		4F57D8A81DF139DB00D777B5 /* Build configuration list for PBXProject "saveDataDemo" */ = {
			isa = XCConfigurationList;
			buildConfigurations = (
				4F57D8C01DF139DB00D777B5 /* Debug */,
				4F57D8C11DF139DB00D777B5 /* Release */,
			);
			defaultConfigurationIsVisible = 0;
			defaultConfigurationName = Release;
		};
		4F57D8C21DF139DB00D777B5 /* Build configuration list for PBXNativeTarget "saveDataDemo" */ = {
			isa = XCConfigurationList;
			buildConfigurations = (
				4F57D8C31DF139DB00D777B5 /* Debug */,
				4F57D8C41DF139DB00D777B5 /* Release */,
			);
			defaultConfigurationIsVisible = 0;
			defaultConfigurationName = Release;
		};
/* End XCConfigurationList section */

/* Begin XCVersionGroup section */
		4F57D8B71DF139DB00D777B5 /* saveDataDemo.xcdatamodeld */ = {
			isa = XCVersionGroup;
			children = (
				4F57D8B81DF139DB00D777B5 /* saveDataDemo.xcdatamodel */,
			);
			currentVersion = 4F57D8B81DF139DB00D777B5 /* saveDataDemo.xcdatamodel */;
			path = saveDataDemo.xcdatamodeld;
			sourceTree = "<group>";
			versionGroupType = wrapper.xcdatamodel;
		};
/* End XCVersionGroup section */
	};
	rootObject = 4F57D8A51DF139DB00D777B5 /* Project object */;
}
